
Microsoft Visual Studio Solution File, Format Version 12.00
# Visual Studio Version 17
VisualStudioVersion = 17.1.32210.238
MinimumVisualStudioVersion = 10.0.40219.1
Project("{2150E333-8FDC-42A3-9474-1A3956D46DE8}") = "Presentation", "Presentation", "{40799259-8BED-475C-90C9-9D913CC31DC0}"
EndProject
Project("{2150E333-8FDC-42A3-9474-1A3956D46DE8}") = "Logic", "Logic", "{ED4FBDF4-B7EB-4043-AB25-6BBF3800EBEF}"
EndProject
Project("{2150E333-8FDC-42A3-9474-1A3956D46DE8}") = "Tests", "Tests", "{1C6D83E1-5CAD-4742-9A60-FFD49EE5260F}"
EndProject
Project("{2150E333-8FDC-42A3-9474-1A3956D46DE8}") = "Data", "Data", "{04D5E8F8-ABB1-4776-8005-2C34F6CFE2C1}"
EndProject
Project("{00D1A9C2-B5F0-4AF3-8072-F6C62B433612}") = "GegaGamez.DB", "GegaGamez.DB\GegaGamez.DB.sqlproj", "{70A40B1C-BF1E-4463-BD6D-3109D3D2BC63}"
EndProject
Project("{9A19103F-16F7-4668-BE54-9A1E7A4F7556}") = "GegaGamez.Tests", "GegaGamez.Tests\GegaGamez.Tests.csproj", "{3B9BEB8C-6273-41AF-9358-056A358391A5}"
EndProject
Project("{9A19103F-16F7-4668-BE54-9A1E7A4F7556}") = "GegaGamez.DAL", "GegaGamez.DAL\GegaGamez.DAL.csproj", "{6E9D995C-9E72-47EA-9BF7-05FD930B56D6}"
EndProject
Project("{9A19103F-16F7-4668-BE54-9A1E7A4F7556}") = "GegaGamez.BLL", "GegaGamez.BLL\GegaGamez.BLL.csproj", "{EDE4C85C-A0DE-4EB6-899B-A8B027B2BEA7}"
EndProject
Project("{2150E333-8FDC-42A3-9474-1A3956D46DE8}") = "Common", "Common", "{B9329C67-1C49-43AD-8F9A-4569CD994C5C}"
EndProject
Project("{FAE04EC0-301F-11D3-BF4B-00C04F79EFBC}") = "GegaGamez.Shared", "GegaGamez.Shared\GegaGamez.Shared.csproj", "{4405C190-9D03-4975-BD85-0A8CBE313E3B}"
EndProject
Global
	GlobalSection(SolutionConfigurationPlatforms) = preSolution
		Debug|Any CPU = Debug|Any CPU
		Release|Any CPU = Release|Any CPU
	EndGlobalSection
	GlobalSection(ProjectConfigurationPlatforms) = postSolution
		{70A40B1C-BF1E-4463-BD6D-3109D3D2BC63}.Debug|Any CPU.ActiveCfg = Debug|Any CPU
		{70A40B1C-BF1E-4463-BD6D-3109D3D2BC63}.Debug|Any CPU.Build.0 = Debug|Any CPU
		{70A40B1C-BF1E-4463-BD6D-3109D3D2BC63}.Debug|Any CPU.Deploy.0 = Debug|Any CPU
		{70A40B1C-BF1E-4463-BD6D-3109D3D2BC63}.Release|Any CPU.ActiveCfg = Release|Any CPU
		{70A40B1C-BF1E-4463-BD6D-3109D3D2BC63}.Release|Any CPU.Build.0 = Release|Any CPU
		{70A40B1C-BF1E-4463-BD6D-3109D3D2BC63}.Release|Any CPU.Deploy.0 = Release|Any CPU
		{3B9BEB8C-6273-41AF-9358-056A358391A5}.Debug|Any CPU.ActiveCfg = Debug|Any CPU
		{3B9BEB8C-6273-41AF-9358-056A358391A5}.Debug|Any CPU.Build.0 = Debug|Any CPU
		{3B9BEB8C-6273-41AF-9358-056A358391A5}.Release|Any CPU.ActiveCfg = Release|Any CPU
		{3B9BEB8C-6273-41AF-9358-056A358391A5}.Release|Any CPU.Build.0 = Release|Any CPU
		{6E9D995C-9E72-47EA-9BF7-05FD930B56D6}.Debug|Any CPU.ActiveCfg = Debug|Any CPU
		{6E9D995C-9E72-47EA-9BF7-05FD930B56D6}.Debug|Any CPU.Build.0 = Debug|Any CPU
		{6E9D995C-9E72-47EA-9BF7-05FD930B56D6}.Release|Any CPU.ActiveCfg = Release|Any CPU
		{6E9D995C-9E72-47EA-9BF7-05FD930B56D6}.Release|Any CPU.Build.0 = Release|Any CPU
		{EDE4C85C-A0DE-4EB6-899B-A8B027B2BEA7}.Debug|Any CPU.ActiveCfg = Debug|Any CPU
		{EDE4C85C-A0DE-4EB6-899B-A8B027B2BEA7}.Debug|Any CPU.Build.0 = Debug|Any CPU
		{EDE4C85C-A0DE-4EB6-899B-A8B027B2BEA7}.Release|Any CPU.ActiveCfg = Release|Any CPU
		{EDE4C85C-A0DE-4EB6-899B-A8B027B2BEA7}.Release|Any CPU.Build.0 = Release|Any CPU
		{4405C190-9D03-4975-BD85-0A8CBE313E3B}.Debug|Any CPU.ActiveCfg = Debug|Any CPU
		{4405C190-9D03-4975-BD85-0A8CBE313E3B}.Debug|Any CPU.Build.0 = Debug|Any CPU
		{4405C190-9D03-4975-BD85-0A8CBE313E3B}.Release|Any CPU.ActiveCfg = Release|Any CPU
		{4405C190-9D03-4975-BD85-0A8CBE313E3B}.Release|Any CPU.Build.0 = Release|Any CPU
	EndGlobalSection
	GlobalSection(SolutionProperties) = preSolution
		HideSolutionNode = FALSE
	EndGlobalSection
	GlobalSection(NestedProjects) = preSolution
		{70A40B1C-BF1E-4463-BD6D-3109D3D2BC63} = {04D5E8F8-ABB1-4776-8005-2C34F6CFE2C1}
		{3B9BEB8C-6273-41AF-9358-056A358391A5} = {1C6D83E1-5CAD-4742-9A60-FFD49EE5260F}
		{6E9D995C-9E72-47EA-9BF7-05FD930B56D6} = {04D5E8F8-ABB1-4776-8005-2C34F6CFE2C1}
		{EDE4C85C-A0DE-4EB6-899B-A8B027B2BEA7} = {ED4FBDF4-B7EB-4043-AB25-6BBF3800EBEF}
		{4405C190-9D03-4975-BD85-0A8CBE313E3B} = {B9329C67-1C49-43AD-8F9A-4569CD994C5C}
	EndGlobalSection
	GlobalSection(ExtensibilityGlobals) = postSolution
		SolutionGuid = {A181A49A-DB7F-4A30-B3EF-D7CE10E85AE0}
	EndGlobalSection
EndGlobal
